
Microsoft Visual Studio Solution File, Format Version 12.00
# Visual Studio 15
VisualStudioVersion = 15.0.28307.1267
MinimumVisualStudioVersion = 10.0.40219.1
Project("{FAE04EC0-301F-11D3-BF4B-00C04F79EFBC}") = "ServerChatApp_038_Erwin Santosa", "ServerChatApp_038_Erwin Santosa\ServerChatApp_038_Erwin Santosa.csproj", "{9E31E664-4AF7-477E-90AC-43017C718165}"
EndProject
Global
	GlobalSection(SolutionConfigurationPlatforms) = preSolution
		Debug|Any CPU = Debug|Any CPU
		Release|Any CPU = Release|Any CPU
	EndGlobalSection
	GlobalSection(ProjectConfigurationPlatforms) = postSolution
		{9E31E664-4AF7-477E-90AC-43017C718165}.Debug|Any CPU.ActiveCfg = Debug|Any CPU
		{9E31E664-4AF7-477E-90AC-43017C718165}.Debug|Any CPU.Build.0 = Debug|Any CPU
		{9E31E664-4AF7-477E-90AC-43017C718165}.Release|Any CPU.ActiveCfg = Release|Any CPU
		{9E31E664-4AF7-477E-90AC-43017C718165}.Release|Any CPU.Build.0 = Release|Any CPU
	EndGlobalSection
	GlobalSection(SolutionProperties) = preSolution
		HideSolutionNode = FALSE
	EndGlobalSection
	GlobalSection(ExtensibilityGlobals) = postSolution
		SolutionGuid = {1C6CB785-94B8-4E0D-B64D-0F6DDC5D2E09}
	EndGlobalSection
EndGlobal
